// !$*UTF8*$!
{
	archiveVersion = 1;
	classes = {
	};
	objectVersion = 56;
	objects = {

/* Begin PBXBuildFile section */
		1E59DA1C2D3824E200592705 /* CoinImageView.swift in Sources */ = {isa = PBXBuildFile; fileRef = 1E59DA1B2D3824E200592705 /* CoinImageView.swift */; };
		1E59DA1E2D3826F300592705 /* CoinImageService.swift in Sources */ = {isa = PBXBuildFile; fileRef = 1E59DA1D2D3826F300592705 /* CoinImageService.swift */; };
		1E59DA202D382C4900592705 /* CoinImageViewModel.swift in Sources */ = {isa = PBXBuildFile; fileRef = 1E59DA1F2D382C4900592705 /* CoinImageViewModel.swift */; };
		1E59DA222D384F2D00592705 /* LocalFileManager.swift in Sources */ = {isa = PBXBuildFile; fileRef = 1E59DA212D384F2D00592705 /* LocalFileManager.swift */; };
		1E6B384C2D39225A002709CA /* SearchBarView.swift in Sources */ = {isa = PBXBuildFile; fileRef = 1E6B384B2D39225A002709CA /* SearchBarView.swift */; };
		1E6B384E2D392B9A002709CA /* UIApplication.swift in Sources */ = {isa = PBXBuildFile; fileRef = 1E6B384D2D392B9A002709CA /* UIApplication.swift */; };
		1E6B38502D39AB7B002709CA /* StatisticModel.swift in Sources */ = {isa = PBXBuildFile; fileRef = 1E6B384F2D39AB7B002709CA /* StatisticModel.swift */; };
		1E6B38522D39ACA4002709CA /* StatisticView.swift in Sources */ = {isa = PBXBuildFile; fileRef = 1E6B38512D39ACA4002709CA /* StatisticView.swift */; };
		1E6B38542D39B3F8002709CA /* homeStatesView.swift in Sources */ = {isa = PBXBuildFile; fileRef = 1E6B38532D39B3F8002709CA /* homeStatesView.swift */; };
		1E6BB97B2D35092400DCB4FF /* Crypto_TrackerApp.swift in Sources */ = {isa = PBXBuildFile; fileRef = 1E6BB97A2D35092400DCB4FF /* Crypto_TrackerApp.swift */; };
		1E6BB97D2D35092400DCB4FF /* ContentView.swift in Sources */ = {isa = PBXBuildFile; fileRef = 1E6BB97C2D35092400DCB4FF /* ContentView.swift */; };
		1E6BB9822D35092500DCB4FF /* Preview Assets.xcassets in Resources */ = {isa = PBXBuildFile; fileRef = 1E6BB9812D35092500DCB4FF /* Preview Assets.xcassets */; };
		1E6BB9892D35278200DCB4FF /* Assets.xcassets in Resources */ = {isa = PBXBuildFile; fileRef = 1E6BB9882D35278200DCB4FF /* Assets.xcassets */; };
		1E6BB98C2D3527D200DCB4FF /* Color.swift in Sources */ = {isa = PBXBuildFile; fileRef = 1E6BB98B2D3527D200DCB4FF /* Color.swift */; };
		1E6BB9922D352FD500DCB4FF /* HomeView.swift in Sources */ = {isa = PBXBuildFile; fileRef = 1E6BB9912D352FD500DCB4FF /* HomeView.swift */; };
		1E6BB9962D3531A700DCB4FF /* CirculeButtonView.swift in Sources */ = {isa = PBXBuildFile; fileRef = 1E6BB9952D3531A700DCB4FF /* CirculeButtonView.swift */; };
		1E6BB9982D353A6A00DCB4FF /* CirculeButtonAnimationView.swift in Sources */ = {isa = PBXBuildFile; fileRef = 1E6BB9972D353A6A00DCB4FF /* CirculeButtonAnimationView.swift */; };
		1E6BB99B2D3559E300DCB4FF /* CoinModel.swift in Sources */ = {isa = PBXBuildFile; fileRef = 1E6BB99A2D3559E300DCB4FF /* CoinModel.swift */; };
		1E6BB99D2D35A18D00DCB4FF /* CoinRowView.swift in Sources */ = {isa = PBXBuildFile; fileRef = 1E6BB99C2D35A18D00DCB4FF /* CoinRowView.swift */; };
		1E6BB99F2D35A21100DCB4FF /* PreviewProvider.swift in Sources */ = {isa = PBXBuildFile; fileRef = 1E6BB99E2D35A21100DCB4FF /* PreviewProvider.swift */; };
		1E6BB9A12D35AA5500DCB4FF /* Double.swift in Sources */ = {isa = PBXBuildFile; fileRef = 1E6BB9A02D35AA5500DCB4FF /* Double.swift */; };
		1EEC2B252D3639480029FCB8 /* HomeViewModel.swift in Sources */ = {isa = PBXBuildFile; fileRef = 1EEC2B242D3639480029FCB8 /* HomeViewModel.swift */; };
		1EEC2B282D3649750029FCB8 /* CoinDataService.swift in Sources */ = {isa = PBXBuildFile; fileRef = 1EEC2B272D3649750029FCB8 /* CoinDataService.swift */; };
		1EEC2B2B2D36C72F0029FCB8 /* NetworkingManager.swift in Sources */ = {isa = PBXBuildFile; fileRef = 1EEC2B2A2D36C72F0029FCB8 /* NetworkingManager.swift */; };
/* End PBXBuildFile section */

/* Begin PBXFileReference section */
		1E59DA1B2D3824E200592705 /* CoinImageView.swift */ = {isa = PBXFileReference; lastKnownFileType = sourcecode.swift; path = CoinImageView.swift; sourceTree = "<group>"; };
		1E59DA1D2D3826F300592705 /* CoinImageService.swift */ = {isa = PBXFileReference; lastKnownFileType = sourcecode.swift; path = CoinImageService.swift; sourceTree = "<group>"; };
		1E59DA1F2D382C4900592705 /* CoinImageViewModel.swift */ = {isa = PBXFileReference; lastKnownFileType = sourcecode.swift; path = CoinImageViewModel.swift; sourceTree = "<group>"; };
		1E59DA212D384F2D00592705 /* LocalFileManager.swift */ = {isa = PBXFileReference; lastKnownFileType = sourcecode.swift; path = LocalFileManager.swift; sourceTree = "<group>"; };
		1E6B384B2D39225A002709CA /* SearchBarView.swift */ = {isa = PBXFileReference; lastKnownFileType = sourcecode.swift; path = SearchBarView.swift; sourceTree = "<group>"; };
		1E6B384D2D392B9A002709CA /* UIApplication.swift */ = {isa = PBXFileReference; lastKnownFileType = sourcecode.swift; path = UIApplication.swift; sourceTree = "<group>"; };
		1E6B384F2D39AB7B002709CA /* StatisticModel.swift */ = {isa = PBXFileReference; lastKnownFileType = sourcecode.swift; path = StatisticModel.swift; sourceTree = "<group>"; };
		1E6B38512D39ACA4002709CA /* StatisticView.swift */ = {isa = PBXFileReference; lastKnownFileType = sourcecode.swift; path = StatisticView.swift; sourceTree = "<group>"; };
		1E6B38532D39B3F8002709CA /* homeStatesView.swift */ = {isa = PBXFileReference; lastKnownFileType = sourcecode.swift; path = homeStatesView.swift; sourceTree = "<group>"; };
		1E6BB9772D35092400DCB4FF /* Crypto-Tracker.app */ = {isa = PBXFileReference; explicitFileType = wrapper.application; includeInIndex = 0; path = "Crypto-Tracker.app"; sourceTree = BUILT_PRODUCTS_DIR; };
		1E6BB97A2D35092400DCB4FF /* Crypto_TrackerApp.swift */ = {isa = PBXFileReference; lastKnownFileType = sourcecode.swift; path = Crypto_TrackerApp.swift; sourceTree = "<group>"; };
		1E6BB97C2D35092400DCB4FF /* ContentView.swift */ = {isa = PBXFileReference; lastKnownFileType = sourcecode.swift; path = ContentView.swift; sourceTree = "<group>"; };
		1E6BB9812D35092500DCB4FF /* Preview Assets.xcassets */ = {isa = PBXFileReference; lastKnownFileType = folder.assetcatalog; path = "Preview Assets.xcassets"; sourceTree = "<group>"; };
		1E6BB9882D35278200DCB4FF /* Assets.xcassets */ = {isa = PBXFileReference; lastKnownFileType = folder.assetcatalog; name = Assets.xcassets; path = ../../Resources/Assets.xcassets; sourceTree = "<group>"; };
		1E6BB98B2D3527D200DCB4FF /* Color.swift */ = {isa = PBXFileReference; lastKnownFileType = sourcecode.swift; path = Color.swift; sourceTree = "<group>"; };
		1E6BB9912D352FD500DCB4FF /* HomeView.swift */ = {isa = PBXFileReference; lastKnownFileType = sourcecode.swift; path = HomeView.swift; sourceTree = "<group>"; };
		1E6BB9952D3531A700DCB4FF /* CirculeButtonView.swift */ = {isa = PBXFileReference; lastKnownFileType = sourcecode.swift; path = CirculeButtonView.swift; sourceTree = "<group>"; };
		1E6BB9972D353A6A00DCB4FF /* CirculeButtonAnimationView.swift */ = {isa = PBXFileReference; lastKnownFileType = sourcecode.swift; path = CirculeButtonAnimationView.swift; sourceTree = "<group>"; };
		1E6BB99A2D3559E300DCB4FF /* CoinModel.swift */ = {isa = PBXFileReference; lastKnownFileType = sourcecode.swift; path = CoinModel.swift; sourceTree = "<group>"; };
		1E6BB99C2D35A18D00DCB4FF /* CoinRowView.swift */ = {isa = PBXFileReference; lastKnownFileType = sourcecode.swift; path = CoinRowView.swift; sourceTree = "<group>"; };
		1E6BB99E2D35A21100DCB4FF /* PreviewProvider.swift */ = {isa = PBXFileReference; lastKnownFileType = sourcecode.swift; path = PreviewProvider.swift; sourceTree = "<group>"; };
		1E6BB9A02D35AA5500DCB4FF /* Double.swift */ = {isa = PBXFileReference; lastKnownFileType = sourcecode.swift; path = Double.swift; sourceTree = "<group>"; };
		1EEC2B242D3639480029FCB8 /* HomeViewModel.swift */ = {isa = PBXFileReference; lastKnownFileType = sourcecode.swift; path = HomeViewModel.swift; sourceTree = "<group>"; };
		1EEC2B272D3649750029FCB8 /* CoinDataService.swift */ = {isa = PBXFileReference; lastKnownFileType = sourcecode.swift; path = CoinDataService.swift; sourceTree = "<group>"; };
		1EEC2B2A2D36C72F0029FCB8 /* NetworkingManager.swift */ = {isa = PBXFileReference; lastKnownFileType = sourcecode.swift; path = NetworkingManager.swift; sourceTree = "<group>"; };
/* End PBXFileReference section */

/* Begin PBXFrameworksBuildPhase section */
		1E6BB9742D35092300DCB4FF /* Frameworks */ = {
			isa = PBXFrameworksBuildPhase;
			buildActionMask = 2147483647;
			files = (
			);
			runOnlyForDeploymentPostprocessing = 0;
		};
/* End PBXFrameworksBuildPhase section */

/* Begin PBXGroup section */
		1E59DA1A2D3824BB00592705 /* CoinImage */ = {
			isa = PBXGroup;
			children = (
				1E59DA1B2D3824E200592705 /* CoinImageView.swift */,
				1E59DA1F2D382C4900592705 /* CoinImageViewModel.swift */,
			);
			path = CoinImage;
			sourceTree = "<group>";
		};
		1E6BB96E2D35092300DCB4FF = {
			isa = PBXGroup;
			children = (
				1E6BB9792D35092400DCB4FF /* Crypto-Tracker */,
				1E6BB9782D35092400DCB4FF /* Products */,
			);
			sourceTree = "<group>";
		};
		1E6BB9782D35092400DCB4FF /* Products */ = {
			isa = PBXGroup;
			children = (
				1E6BB9772D35092400DCB4FF /* Crypto-Tracker.app */,
			);
			name = Products;
			sourceTree = "<group>";
		};
		1E6BB9792D35092400DCB4FF /* Crypto-Tracker */ = {
			isa = PBXGroup;
			children = (
				1EEC2B292D36C6F50029FCB8 /* Utilities */,
				1E6BB98A2D3527B000DCB4FF /* Extension */,
				1EEC2B262D36493D0029FCB8 /* Service */,
				1E6BB9992D3559AF00DCB4FF /* Models */,
				1E6BB98D2D352F8900DCB4FF /* Core */,
				1E6BB97A2D35092400DCB4FF /* Crypto_TrackerApp.swift */,
				1E6BB97C2D35092400DCB4FF /* ContentView.swift */,
				1E6BB9882D35278200DCB4FF /* Assets.xcassets */,
				1E6BB9802D35092500DCB4FF /* Preview Content */,
			);
			path = "Crypto-Tracker";
			sourceTree = "<group>";
		};
		1E6BB9802D35092500DCB4FF /* Preview Content */ = {
			isa = PBXGroup;
			children = (
				1E6BB9812D35092500DCB4FF /* Preview Assets.xcassets */,
			);
			path = "Preview Content";
			sourceTree = "<group>";
		};
		1E6BB98A2D3527B000DCB4FF /* Extension */ = {
			isa = PBXGroup;
			children = (
				1E6BB98B2D3527D200DCB4FF /* Color.swift */,
				1E6BB99E2D35A21100DCB4FF /* PreviewProvider.swift */,
				1E6BB9A02D35AA5500DCB4FF /* Double.swift */,
				1E6B384D2D392B9A002709CA /* UIApplication.swift */,
			);
			path = Extension;
			sourceTree = "<group>";
		};
		1E6BB98D2D352F8900DCB4FF /* Core */ = {
			isa = PBXGroup;
			children = (
				1E6BB9932D35315C00DCB4FF /* Components */,
				1E6BB98E2D352F9F00DCB4FF /* Home */,
			);
			path = Core;
			sourceTree = "<group>";
		};
		1E6BB98E2D352F9F00DCB4FF /* Home */ = {
			isa = PBXGroup;
			children = (
				1E6BB9902D352FB200DCB4FF /* ViewsModel */,
				1E6BB98F2D352FAA00DCB4FF /* Views */,
			);
			path = Home;
			sourceTree = "<group>";
		};
		1E6BB98F2D352FAA00DCB4FF /* Views */ = {
			isa = PBXGroup;
			children = (
				1E6BB9912D352FD500DCB4FF /* HomeView.swift */,
				1E6B38532D39B3F8002709CA /* homeStatesView.swift */,
				1E6BB99C2D35A18D00DCB4FF /* CoinRowView.swift */,
			);
			path = Views;
			sourceTree = "<group>";
		};
		1E6BB9902D352FB200DCB4FF /* ViewsModel */ = {
			isa = PBXGroup;
			children = (
				1EEC2B242D3639480029FCB8 /* HomeViewModel.swift */,
			);
			path = ViewsModel;
			sourceTree = "<group>";
		};
		1E6BB9932D35315C00DCB4FF /* Components */ = {
			isa = PBXGroup;
			children = (
				1E59DA1A2D3824BB00592705 /* CoinImage */,
				1E6BB9942D35318A00DCB4FF /* CirculeButton */,
				1E6B384B2D39225A002709CA /* SearchBarView.swift */,
				1E6B38512D39ACA4002709CA /* StatisticView.swift */,
			);
			path = Components;
			sourceTree = "<group>";
		};
		1E6BB9942D35318A00DCB4FF /* CirculeButton */ = {
			isa = PBXGroup;
			children = (
				1E6BB9952D3531A700DCB4FF /* CirculeButtonView.swift */,
				1E6BB9972D353A6A00DCB4FF /* CirculeButtonAnimationView.swift */,
			);
			path = CirculeButton;
			sourceTree = "<group>";
		};
		1E6BB9992D3559AF00DCB4FF /* Models */ = {
			isa = PBXGroup;
			children = (
				1E6BB99A2D3559E300DCB4FF /* CoinModel.swift */,
				1E6B384F2D39AB7B002709CA /* StatisticModel.swift */,
			);
			path = Models;
			sourceTree = "<group>";
		};
		1EEC2B262D36493D0029FCB8 /* Service */ = {
			isa = PBXGroup;
			children = (
				1EEC2B272D3649750029FCB8 /* CoinDataService.swift */,
				1E59DA1D2D3826F300592705 /* CoinImageService.swift */,
			);
			path = Service;
			sourceTree = "<group>";
		};
		1EEC2B292D36C6F50029FCB8 /* Utilities */ = {
			isa = PBXGroup;
			children = (
				1EEC2B2A2D36C72F0029FCB8 /* NetworkingManager.swift */,
				1E59DA212D384F2D00592705 /* LocalFileManager.swift */,
			);
			path = Utilities;
			sourceTree = "<group>";
		};
/* End PBXGroup section */

/* Begin PBXNativeTarget section */
		1E6BB9762D35092300DCB4FF /* Crypto-Tracker */ = {
			isa = PBXNativeTarget;
			buildConfigurationList = 1E6BB9852D35092500DCB4FF /* Build configuration list for PBXNativeTarget "Crypto-Tracker" */;
			buildPhases = (
				1E6BB9732D35092300DCB4FF /* Sources */,
				1E6BB9742D35092300DCB4FF /* Frameworks */,
				1E6BB9752D35092300DCB4FF /* Resources */,
			);
			buildRules = (
			);
			dependencies = (
			);
			name = "Crypto-Tracker";
			productName = "Crypto-Tracker";
			productReference = 1E6BB9772D35092400DCB4FF /* Crypto-Tracker.app */;
			productType = "com.apple.product-type.application";
		};
/* End PBXNativeTarget section */

/* Begin PBXProject section */
		1E6BB96F2D35092300DCB4FF /* Project object */ = {
			isa = PBXProject;
			attributes = {
				BuildIndependentTargetsInParallel = 1;
				LastSwiftUpdateCheck = 1540;
				LastUpgradeCheck = 1540;
				TargetAttributes = {
					1E6BB9762D35092300DCB4FF = {
						CreatedOnToolsVersion = 15.4;
					};
				};
			};
			buildConfigurationList = 1E6BB9722D35092300DCB4FF /* Build configuration list for PBXProject "Crypto-Tracker" */;
			compatibilityVersion = "Xcode 14.0";
			developmentRegion = en;
			hasScannedForEncodings = 0;
			knownRegions = (
				en,
				Base,
			);
			mainGroup = 1E6BB96E2D35092300DCB4FF;
			productRefGroup = 1E6BB9782D35092400DCB4FF /* Products */;
			projectDirPath = "";
			projectRoot = "";
			targets = (
				1E6BB9762D35092300DCB4FF /* Crypto-Tracker */,
			);
		};
/* End PBXProject section */

/* Begin PBXResourcesBuildPhase section */
		1E6BB9752D35092300DCB4FF /* Resources */ = {
			isa = PBXResourcesBuildPhase;
			buildActionMask = 2147483647;
			files = (
				1E6BB9822D35092500DCB4FF /* Preview Assets.xcassets in Resources */,
				1E6BB9892D35278200DCB4FF /* Assets.xcassets in Resources */,
			);
			runOnlyForDeploymentPostprocessing = 0;
		};
/* End PBXResourcesBuildPhase section */

/* Begin PBXSourcesBuildPhase section */
		1E6BB9732D35092300DCB4FF /* Sources */ = {
			isa = PBXSourcesBuildPhase;
			buildActionMask = 2147483647;
			files = (
				1E6B38502D39AB7B002709CA /* StatisticModel.swift in Sources */,
				1EEC2B282D3649750029FCB8 /* CoinDataService.swift in Sources */,
				1E6BB99D2D35A18D00DCB4FF /* CoinRowView.swift in Sources */,
				1EEC2B252D3639480029FCB8 /* HomeViewModel.swift in Sources */,
				1E6BB9982D353A6A00DCB4FF /* CirculeButtonAnimationView.swift in Sources */,
				1E59DA222D384F2D00592705 /* LocalFileManager.swift in Sources */,
				1E6BB9962D3531A700DCB4FF /* CirculeButtonView.swift in Sources */,
				1E6B38522D39ACA4002709CA /* StatisticView.swift in Sources */,
				1E59DA1C2D3824E200592705 /* CoinImageView.swift in Sources */,
				1E6BB97D2D35092400DCB4FF /* ContentView.swift in Sources */,
				1E6B384E2D392B9A002709CA /* UIApplication.swift in Sources */,
				1E6B38542D39B3F8002709CA /* homeStatesView.swift in Sources */,
				1E6BB9922D352FD500DCB4FF /* HomeView.swift in Sources */,
				1E6BB97B2D35092400DCB4FF /* Crypto_TrackerApp.swift in Sources */,
				1E6B384C2D39225A002709CA /* SearchBarView.swift in Sources */,
				1EEC2B2B2D36C72F0029FCB8 /* NetworkingManager.swift in Sources */,
				1E6BB98C2D3527D200DCB4FF /* Color.swift in Sources */,
				1E59DA202D382C4900592705 /* CoinImageViewModel.swift in Sources */,
				1E6BB99F2D35A21100DCB4FF /* PreviewProvider.swift in Sources */,
				1E6BB9A12D35AA5500DCB4FF /* Double.swift in Sources */,
				1E59DA1E2D3826F300592705 /* CoinImageService.swift in Sources */,
				1E6BB99B2D3559E300DCB4FF /* CoinModel.swift in Sources */,
			);
			runOnlyForDeploymentPostprocessing = 0;
		};
/* End PBXSourcesBuildPhase section */

/* Begin XCBuildConfiguration section */
		1E6BB9832D35092500DCB4FF /* Debug */ = {
			isa = XCBuildConfiguration;
			buildSettings = {
				ALWAYS_SEARCH_USER_PATHS = NO;
				ASSETCATALOG_COMPILER_GENERATE_SWIFT_ASSET_SYMBOL_EXTENSIONS = YES;
				CLANG_ANALYZER_NONNULL = YES;
				CLANG_ANALYZER_NUMBER_OBJECT_CONVERSION = YES_AGGRESSIVE;
				CLANG_CXX_LANGUAGE_STANDARD = "gnu++20";
				CLANG_ENABLE_MODULES = YES;
				CLANG_ENABLE_OBJC_ARC = YES;
				CLANG_ENABLE_OBJC_WEAK = YES;
				CLANG_WARN_BLOCK_CAPTURE_AUTORELEASING = YES;
				CLANG_WARN_BOOL_CONVERSION = YES;
				CLANG_WARN_COMMA = YES;
				CLANG_WARN_CONSTANT_CONVERSION = YES;
				CLANG_WARN_DEPRECATED_OBJC_IMPLEMENTATIONS = YES;
				CLANG_WARN_DIRECT_OBJC_ISA_USAGE = YES_ERROR;
				CLANG_WARN_DOCUMENTATION_COMMENTS = YES;
				CLANG_WARN_EMPTY_BODY = YES;
				CLANG_WARN_ENUM_CONVERSION = YES;
				CLANG_WARN_INFINITE_RECURSION = YES;
				CLANG_WARN_INT_CONVERSION = YES;
				CLANG_WARN_NON_LITERAL_NULL_CONVERSION = YES;
				CLANG_WARN_OBJC_IMPLICIT_RETAIN_SELF = YES;
				CLANG_WARN_OBJC_LITERAL_CONVERSION = YES;
				CLANG_WARN_OBJC_ROOT_CLASS = YES_ERROR;
				CLANG_WARN_QUOTED_INCLUDE_IN_FRAMEWORK_HEADER = YES;
				CLANG_WARN_RANGE_LOOP_ANALYSIS = YES;
				CLANG_WARN_STRICT_PROTOTYPES = YES;
				CLANG_WARN_SUSPICIOUS_MOVE = YES;
				CLANG_WARN_UNGUARDED_AVAILABILITY = YES_AGGRESSIVE;
				CLANG_WARN_UNREACHABLE_CODE = YES;
				CLANG_WARN__DUPLICATE_METHOD_MATCH = YES;
				COPY_PHASE_STRIP = NO;
				DEBUG_INFORMATION_FORMAT = dwarf;
				ENABLE_STRICT_OBJC_MSGSEND = YES;
				ENABLE_TESTABILITY = YES;
				ENABLE_USER_SCRIPT_SANDBOXING = YES;
				GCC_C_LANGUAGE_STANDARD = gnu17;
				GCC_DYNAMIC_NO_PIC = NO;
				GCC_NO_COMMON_BLOCKS = YES;
				GCC_OPTIMIZATION_LEVEL = 0;
				GCC_PREPROCESSOR_DEFINITIONS = (
					"DEBUG=1",
					"$(inherited)",
				);
				GCC_WARN_64_TO_32_BIT_CONVERSION = YES;
				GCC_WARN_ABOUT_RETURN_TYPE = YES_ERROR;
				GCC_WARN_UNDECLARED_SELECTOR = YES;
				GCC_WARN_UNINITIALIZED_AUTOS = YES_AGGRESSIVE;
				GCC_WARN_UNUSED_FUNCTION = YES;
				GCC_WARN_UNUSED_VARIABLE = YES;
				IPHONEOS_DEPLOYMENT_TARGET = 17.5;
				LOCALIZATION_PREFERS_STRING_CATALOGS = YES;
				MTL_ENABLE_DEBUG_INFO = INCLUDE_SOURCE;
				MTL_FAST_MATH = YES;
				ONLY_ACTIVE_ARCH = YES;
				SDKROOT = iphoneos;
				SWIFT_ACTIVE_COMPILATION_CONDITIONS = "DEBUG $(inherited)";
				SWIFT_OPTIMIZATION_LEVEL = "-Onone";
			};
			name = Debug;
		};
		1E6BB9842D35092500DCB4FF /* Release */ = {
			isa = XCBuildConfiguration;
			buildSettings = {
				ALWAYS_SEARCH_USER_PATHS = NO;
				ASSETCATALOG_COMPILER_GENERATE_SWIFT_ASSET_SYMBOL_EXTENSIONS = YES;
				CLANG_ANALYZER_NONNULL = YES;
				CLANG_ANALYZER_NUMBER_OBJECT_CONVERSION = YES_AGGRESSIVE;
				CLANG_CXX_LANGUAGE_STANDARD = "gnu++20";
				CLANG_ENABLE_MODULES = YES;
				CLANG_ENABLE_OBJC_ARC = YES;
				CLANG_ENABLE_OBJC_WEAK = YES;
				CLANG_WARN_BLOCK_CAPTURE_AUTORELEASING = YES;
				CLANG_WARN_BOOL_CONVERSION = YES;
				CLANG_WARN_COMMA = YES;
				CLANG_WARN_CONSTANT_CONVERSION = YES;
				CLANG_WARN_DEPRECATED_OBJC_IMPLEMENTATIONS = YES;
				CLANG_WARN_DIRECT_OBJC_ISA_USAGE = YES_ERROR;
				CLANG_WARN_DOCUMENTATION_COMMENTS = YES;
				CLANG_WARN_EMPTY_BODY = YES;
				CLANG_WARN_ENUM_CONVERSION = YES;
				CLANG_WARN_INFINITE_RECURSION = YES;
				CLANG_WARN_INT_CONVERSION = YES;
				CLANG_WARN_NON_LITERAL_NULL_CONVERSION = YES;
				CLANG_WARN_OBJC_IMPLICIT_RETAIN_SELF = YES;
				CLANG_WARN_OBJC_LITERAL_CONVERSION = YES;
				CLANG_WARN_OBJC_ROOT_CLASS = YES_ERROR;
				CLANG_WARN_QUOTED_INCLUDE_IN_FRAMEWORK_HEADER = YES;
				CLANG_WARN_RANGE_LOOP_ANALYSIS = YES;
				CLANG_WARN_STRICT_PROTOTYPES = YES;
				CLANG_WARN_SUSPICIOUS_MOVE = YES;
				CLANG_WARN_UNGUARDED_AVAILABILITY = YES_AGGRESSIVE;
				CLANG_WARN_UNREACHABLE_CODE = YES;
				CLANG_WARN__DUPLICATE_METHOD_MATCH = YES;
				COPY_PHASE_STRIP = NO;
				DEBUG_INFORMATION_FORMAT = "dwarf-with-dsym";
				ENABLE_NS_ASSERTIONS = NO;
				ENABLE_STRICT_OBJC_MSGSEND = YES;
				ENABLE_USER_SCRIPT_SANDBOXING = YES;
				GCC_C_LANGUAGE_STANDARD = gnu17;
				GCC_NO_COMMON_BLOCKS = YES;
				GCC_WARN_64_TO_32_BIT_CONVERSION = YES;
				GCC_WARN_ABOUT_RETURN_TYPE = YES_ERROR;
				GCC_WARN_UNDECLARED_SELECTOR = YES;
				GCC_WARN_UNINITIALIZED_AUTOS = YES_AGGRESSIVE;
				GCC_WARN_UNUSED_FUNCTION = YES;
				GCC_WARN_UNUSED_VARIABLE = YES;
				IPHONEOS_DEPLOYMENT_TARGET = 17.5;
				LOCALIZATION_PREFERS_STRING_CATALOGS = YES;
				MTL_ENABLE_DEBUG_INFO = NO;
				MTL_FAST_MATH = YES;
				SDKROOT = iphoneos;
				SWIFT_COMPILATION_MODE = wholemodule;
				VALIDATE_PRODUCT = YES;
			};
			name = Release;
		};
		1E6BB9862D35092500DCB4FF /* Debug */ = {
			isa = XCBuildConfiguration;
			buildSettings = {
				ASSETCATALOG_COMPILER_APPICON_NAME = AppIcon;
				ASSETCATALOG_COMPILER_GLOBAL_ACCENT_COLOR_NAME = AccentColor;
				CODE_SIGN_STYLE = Automatic;
				CURRENT_PROJECT_VERSION = 1;
				DEVELOPMENT_ASSET_PATHS = "\"Crypto-Tracker/Preview Content\"";
				DEVELOPMENT_TEAM = MAD925RDGT;
				ENABLE_PREVIEWS = YES;
				GENERATE_INFOPLIST_FILE = YES;
				INFOPLIST_KEY_UIApplicationSceneManifest_Generation = YES;
				INFOPLIST_KEY_UIApplicationSupportsIndirectInputEvents = YES;
				INFOPLIST_KEY_UILaunchScreen_Generation = YES;
				INFOPLIST_KEY_UISupportedInterfaceOrientations = UIInterfaceOrientationPortrait;
				INFOPLIST_KEY_UISupportedInterfaceOrientations_iPad = "UIInterfaceOrientationLandscapeLeft UIInterfaceOrientationLandscapeRight UIInterfaceOrientationPortrait UIInterfaceOrientationPortraitUpsideDown";
				LD_RUNPATH_SEARCH_PATHS = (
					"$(inherited)",
					"@executable_path/Frameworks",
				);
				MARKETING_VERSION = 1.0;
				PRODUCT_BUNDLE_IDENTIFIER = "Sabri.Crypto-Tracker";
				PRODUCT_NAME = "$(TARGET_NAME)";
				SWIFT_EMIT_LOC_STRINGS = YES;
				SWIFT_VERSION = 5.0;
				TARGETED_DEVICE_FAMILY = "1,2";
			};
			name = Debug;
		};
		1E6BB9872D35092500DCB4FF /* Release */ = {
			isa = XCBuildConfiguration;
			buildSettings = {
				ASSETCATALOG_COMPILER_APPICON_NAME = AppIcon;
				ASSETCATALOG_COMPILER_GLOBAL_ACCENT_COLOR_NAME = AccentColor;
				CODE_SIGN_STYLE = Automatic;
				CURRENT_PROJECT_VERSION = 1;
				DEVELOPMENT_ASSET_PATHS = "\"Crypto-Tracker/Preview Content\"";
				DEVELOPMENT_TEAM = MAD925RDGT;
				ENABLE_PREVIEWS = YES;
				GENERATE_INFOPLIST_FILE = YES;
				INFOPLIST_KEY_UIApplicationSceneManifest_Generation = YES;
				INFOPLIST_KEY_UIApplicationSupportsIndirectInputEvents = YES;
				INFOPLIST_KEY_UILaunchScreen_Generation = YES;
				INFOPLIST_KEY_UISupportedInterfaceOrientations = UIInterfaceOrientationPortrait;
				INFOPLIST_KEY_UISupportedInterfaceOrientations_iPad = "UIInterfaceOrientationLandscapeLeft UIInterfaceOrientationLandscapeRight UIInterfaceOrientationPortrait UIInterfaceOrientationPortraitUpsideDown";
				LD_RUNPATH_SEARCH_PATHS = (
					"$(inherited)",
					"@executable_path/Frameworks",
				);
				MARKETING_VERSION = 1.0;
				PRODUCT_BUNDLE_IDENTIFIER = "Sabri.Crypto-Tracker";
				PRODUCT_NAME = "$(TARGET_NAME)";
				SWIFT_EMIT_LOC_STRINGS = YES;
				SWIFT_VERSION = 5.0;
				TARGETED_DEVICE_FAMILY = "1,2";
			};
			name = Release;
		};
/* End XCBuildConfiguration section */

/* Begin XCConfigurationList section */
		1E6BB9722D35092300DCB4FF /* Build configuration list for PBXProject "Crypto-Tracker" */ = {
			isa = XCConfigurationList;
			buildConfigurations = (
				1E6BB9832D35092500DCB4FF /* Debug */,
				1E6BB9842D35092500DCB4FF /* Release */,
			);
			defaultConfigurationIsVisible = 0;
			defaultConfigurationName = Release;
		};
		1E6BB9852D35092500DCB4FF /* Build configuration list for PBXNativeTarget "Crypto-Tracker" */ = {
			isa = XCConfigurationList;
			buildConfigurations = (
				1E6BB9862D35092500DCB4FF /* Debug */,
				1E6BB9872D35092500DCB4FF /* Release */,
			);
			defaultConfigurationIsVisible = 0;
			defaultConfigurationName = Release;
		};
/* End XCConfigurationList section */
	};
	rootObject = 1E6BB96F2D35092300DCB4FF /* Project object */;
}
